
Microsoft Visual Studio Solution File, Format Version 10.00
# Visual C# Express 2008
Project("{FAE04EC0-301F-11D3-BF4B-00C04F79EFBC}") = "BouncingBalls", "BouncingBalls\BouncingBalls.csproj", "{0BAC3C86-E4DC-4DA4-8BDA-C377052FB5DC}"
EndProject
Global
	GlobalSection(SolutionConfigurationPlatforms) = preSolution
		Debug|Any CPU = Debug|Any CPU
		Release|Any CPU = Release|Any CPU
	EndGlobalSection
	GlobalSection(ProjectConfigurationPlatforms) = postSolution
		{0BAC3C86-E4DC-4DA4-8BDA-C377052FB5DC}.Debug|Any CPU.ActiveCfg = Debug|Any CPU
		{0BAC3C86-E4DC-4DA4-8BDA-C377052FB5DC}.Debug|Any CPU.Build.0 = Debug|Any CPU
		{0BAC3C86-E4DC-4DA4-8BDA-C377052FB5DC}.Release|Any CPU.ActiveCfg = Release|Any CPU
		{0BAC3C86-E4DC-4DA4-8BDA-C377052FB5DC}.Release|Any CPU.Build.0 = Release|Any CPU
	EndGlobalSection
	GlobalSection(SolutionProperties) = preSolution
		HideSolutionNode = FALSE
	EndGlobalSection
EndGlobal
